
Microsoft Visual Studio Solution File, Format Version 12.00
# Visual Studio Version 16
VisualStudioVersion = 16.0.32802.440
MinimumVisualStudioVersion = 10.0.40219.1
Project("{FAE04EC0-301F-11D3-BF4B-00C04F79EFBC}") = "Chivalry's Dead", "Chivalry's Dead\Chivalry's Dead.csproj", "{78006A37-3102-4B3A-B7C5-16D5B84D4A34}"
EndProject
Global
	GlobalSection(SolutionConfigurationPlatforms) = preSolution
		Debug|Any CPU = Debug|Any CPU
		Release|Any CPU = Release|Any CPU
	EndGlobalSection
	GlobalSection(ProjectConfigurationPlatforms) = postSolution
		{78006A37-3102-4B3A-B7C5-16D5B84D4A34}.Debug|Any CPU.ActiveCfg = Debug|Any CPU
		{78006A37-3102-4B3A-B7C5-16D5B84D4A34}.Debug|Any CPU.Build.0 = Debug|Any CPU
		{78006A37-3102-4B3A-B7C5-16D5B84D4A34}.Release|Any CPU.ActiveCfg = Release|Any CPU
		{78006A37-3102-4B3A-B7C5-16D5B84D4A34}.Release|Any CPU.Build.0 = Release|Any CPU
	EndGlobalSection
	GlobalSection(SolutionProperties) = preSolution
		HideSolutionNode = FALSE
	EndGlobalSection
	GlobalSection(ExtensibilityGlobals) = postSolution
		SolutionGuid = {A385FBEF-6CC7-4D07-9539-361DABD0025A}
	EndGlobalSection
EndGlobal
